
Microsoft Visual Studio Solution File, Format Version 12.00
# Visual Studio Version 16
VisualStudioVersion = 16.0.31729.503
MinimumVisualStudioVersion = 10.0.40219.1
Project("{FAE04EC0-301F-11D3-BF4B-00C04F79EFBC}") = "Multithreading_PayrollService", "Multithreading_PayrollService\Multithreading_PayrollService.csproj", "{91830CC8-DDA2-47BB-8E45-2FE1636EFE4E}"
EndProject
Global
	GlobalSection(SolutionConfigurationPlatforms) = preSolution
		Debug|Any CPU = Debug|Any CPU
		Release|Any CPU = Release|Any CPU
	EndGlobalSection
	GlobalSection(ProjectConfigurationPlatforms) = postSolution
		{91830CC8-DDA2-47BB-8E45-2FE1636EFE4E}.Debug|Any CPU.ActiveCfg = Debug|Any CPU
		{91830CC8-DDA2-47BB-8E45-2FE1636EFE4E}.Debug|Any CPU.Build.0 = Debug|Any CPU
		{91830CC8-DDA2-47BB-8E45-2FE1636EFE4E}.Release|Any CPU.ActiveCfg = Release|Any CPU
		{91830CC8-DDA2-47BB-8E45-2FE1636EFE4E}.Release|Any CPU.Build.0 = Release|Any CPU
	EndGlobalSection
	GlobalSection(SolutionProperties) = preSolution
		HideSolutionNode = FALSE
	EndGlobalSection
	GlobalSection(ExtensibilityGlobals) = postSolution
		SolutionGuid = {A9341162-0DAF-48B8-961B-A95B1559EFC6}
	EndGlobalSection
EndGlobal
